// !$*UTF8*$!
{
	archiveVersion = 1;
	classes = {
	};
	objectVersion = 50;
	objects = {

/* Begin PBXBuildFile section */
		4C0048DF219FEA14004FE154 /* AppDelegate.swift in Sources */ = {isa = PBXBuildFile; fileRef = 4C0048DE219FEA14004FE154 /* AppDelegate.swift */; };
		4C0048E1219FEA14004FE154 /* ViewController.swift in Sources */ = {isa = PBXBuildFile; fileRef = 4C0048E0219FEA14004FE154 /* ViewController.swift */; };
		4C0048E6219FEA16004FE154 /* Assets.xcassets in Resources */ = {isa = PBXBuildFile; fileRef = 4C0048E5219FEA16004FE154 /* Assets.xcassets */; };
		4C0048E9219FEA16004FE154 /* LaunchScreen.storyboard in Resources */ = {isa = PBXBuildFile; fileRef = 4C0048E7219FEA16004FE154 /* LaunchScreen.storyboard */; };
		4C0048F4219FEA84004FE154 /* TestInject.swift in Sources */ = {isa = PBXBuildFile; fileRef = 4C0048F3219FEA84004FE154 /* TestInject.swift */; };
		4C0048F6219FEA99004FE154 /* Extenstions.swift in Sources */ = {isa = PBXBuildFile; fileRef = 4C0048F5219FEA99004FE154 /* Extenstions.swift */; };
		4C0048F8219FEBB7004FE154 /* PinButton.swift in Sources */ = {isa = PBXBuildFile; fileRef = 4C0048F7219FEBB7004FE154 /* PinButton.swift */; };
		4C0048FC219FF7D9004FE154 /* Configuration.plist in Resources */ = {isa = PBXBuildFile; fileRef = 4C0048FB219FF7D9004FE154 /* Configuration.plist */; };
/* End PBXBuildFile section */

/* Begin PBXFileReference section */
		4C0048DB219FEA14004FE154 /* iCanon.app */ = {isa = PBXFileReference; explicitFileType = wrapper.application; includeInIndex = 0; path = iCanon.app; sourceTree = BUILT_PRODUCTS_DIR; };
		4C0048DE219FEA14004FE154 /* AppDelegate.swift */ = {isa = PBXFileReference; lastKnownFileType = sourcecode.swift; path = AppDelegate.swift; sourceTree = "<group>"; };
		4C0048E0219FEA14004FE154 /* ViewController.swift */ = {isa = PBXFileReference; lastKnownFileType = sourcecode.swift; path = ViewController.swift; sourceTree = "<group>"; };
		4C0048E5219FEA16004FE154 /* Assets.xcassets */ = {isa = PBXFileReference; lastKnownFileType = folder.assetcatalog; path = Assets.xcassets; sourceTree = "<group>"; };
		4C0048E8219FEA16004FE154 /* Base */ = {isa = PBXFileReference; lastKnownFileType = file.storyboard; name = Base; path = Base.lproj/LaunchScreen.storyboard; sourceTree = "<group>"; };
		4C0048EA219FEA16004FE154 /* Info.plist */ = {isa = PBXFileReference; lastKnownFileType = text.plist.xml; path = Info.plist; sourceTree = "<group>"; };
		4C0048F3219FEA84004FE154 /* TestInject.swift */ = {isa = PBXFileReference; lastKnownFileType = sourcecode.swift; path = TestInject.swift; sourceTree = "<group>"; };
		4C0048F5219FEA99004FE154 /* Extenstions.swift */ = {isa = PBXFileReference; lastKnownFileType = sourcecode.swift; path = Extenstions.swift; sourceTree = "<group>"; };
		4C0048F7219FEBB7004FE154 /* PinButton.swift */ = {isa = PBXFileReference; lastKnownFileType = sourcecode.swift; path = PinButton.swift; sourceTree = "<group>"; };
		4C0048FB219FF7D9004FE154 /* Configuration.plist */ = {isa = PBXFileReference; lastKnownFileType = text.plist.xml; path = Configuration.plist; sourceTree = "<group>"; };
/* End PBXFileReference section */

/* Begin PBXFrameworksBuildPhase section */
		4C0048D8219FEA14004FE154 /* Frameworks */ = {
			isa = PBXFrameworksBuildPhase;
			buildActionMask = 2147483647;
			files = (
			);
			runOnlyForDeploymentPostprocessing = 0;
		};
/* End PBXFrameworksBuildPhase section */

/* Begin PBXGroup section */
		4C0048D2219FEA14004FE154 = {
			isa = PBXGroup;
			children = (
				4C0048DD219FEA14004FE154 /* iCanon */,
				4C0048DC219FEA14004FE154 /* Products */,
			);
			sourceTree = "<group>";
		};
		4C0048DC219FEA14004FE154 /* Products */ = {
			isa = PBXGroup;
			children = (
				4C0048DB219FEA14004FE154 /* iCanon.app */,
			);
			name = Products;
			sourceTree = "<group>";
		};
		4C0048DD219FEA14004FE154 /* iCanon */ = {
			isa = PBXGroup;
			children = (
				4C0048DE219FEA14004FE154 /* AppDelegate.swift */,
				4C0048E0219FEA14004FE154 /* ViewController.swift */,
				4C0048F7219FEBB7004FE154 /* PinButton.swift */,
				4C0048E5219FEA16004FE154 /* Assets.xcassets */,
				4C0048E7219FEA16004FE154 /* LaunchScreen.storyboard */,
				4C0048EA219FEA16004FE154 /* Info.plist */,
				4C0048FB219FF7D9004FE154 /* Configuration.plist */,
				4C0048F2219FEA7C004FE154 /* Helper */,
			);
			path = iCanon;
			sourceTree = "<group>";
		};
		4C0048F2219FEA7C004FE154 /* Helper */ = {
			isa = PBXGroup;
			children = (
				4C0048F3219FEA84004FE154 /* TestInject.swift */,
				4C0048F5219FEA99004FE154 /* Extenstions.swift */,
			);
			path = Helper;
			sourceTree = "<group>";
		};
/* End PBXGroup section */

/* Begin PBXNativeTarget section */
		4C0048DA219FEA14004FE154 /* iCanon */ = {
			isa = PBXNativeTarget;
			buildConfigurationList = 4C0048ED219FEA16004FE154 /* Build configuration list for PBXNativeTarget "iCanon" */;
			buildPhases = (
				4C0048D7219FEA14004FE154 /* Sources */,
				4C0048D8219FEA14004FE154 /* Frameworks */,
				4C0048D9219FEA14004FE154 /* Resources */,
			);
			buildRules = (
			);
			dependencies = (
			);
			name = iCanon;
			productName = iCanon;
			productReference = 4C0048DB219FEA14004FE154 /* iCanon.app */;
			productType = "com.apple.product-type.application";
		};
/* End PBXNativeTarget section */

/* Begin PBXProject section */
		4C0048D3219FEA14004FE154 /* Project object */ = {
			isa = PBXProject;
			attributes = {
				LastSwiftUpdateCheck = 1010;
				LastUpgradeCheck = 1010;
				ORGANIZATIONNAME = "Michael Lema";
				TargetAttributes = {
					4C0048DA219FEA14004FE154 = {
						CreatedOnToolsVersion = 10.1;
					};
				};
			};
			buildConfigurationList = 4C0048D6219FEA14004FE154 /* Build configuration list for PBXProject "iCanon" */;
			compatibilityVersion = "Xcode 9.3";
			developmentRegion = en;
			hasScannedForEncodings = 0;
			knownRegions = (
				en,
				Base,
			);
			mainGroup = 4C0048D2219FEA14004FE154;
			productRefGroup = 4C0048DC219FEA14004FE154 /* Products */;
			projectDirPath = "";
			projectRoot = "";
			targets = (
				4C0048DA219FEA14004FE154 /* iCanon */,
			);
		};
/* End PBXProject section */

/* Begin PBXResourcesBuildPhase section */
		4C0048D9219FEA14004FE154 /* Resources */ = {
			isa = PBXResourcesBuildPhase;
			buildActionMask = 2147483647;
			files = (
				4C0048FC219FF7D9004FE154 /* Configuration.plist in Resources */,
				4C0048E9219FEA16004FE154 /* LaunchScreen.storyboard in Resources */,
				4C0048E6219FEA16004FE154 /* Assets.xcassets in Resources */,
			);
			runOnlyForDeploymentPostprocessing = 0;
		};
/* End PBXResourcesBuildPhase section */

/* Begin PBXSourcesBuildPhase section */
		4C0048D7219FEA14004FE154 /* Sources */ = {
			isa = PBXSourcesBuildPhase;
			buildActionMask = 2147483647;
			files = (
				4C0048F8219FEBB7004FE154 /* PinButton.swift in Sources */,
				4C0048F6219FEA99004FE154 /* Extenstions.swift in Sources */,
				4C0048E1219FEA14004FE154 /* ViewController.swift in Sources */,
				4C0048DF219FEA14004FE154 /* AppDelegate.swift in Sources */,
				4C0048F4219FEA84004FE154 /* TestInject.swift in Sources */,
			);
			runOnlyForDeploymentPostprocessing = 0;
		};
/* End PBXSourcesBuildPhase section */

/* Begin PBXVariantGroup section */
		4C0048E7219FEA16004FE154 /* LaunchScreen.storyboard */ = {
			isa = PBXVariantGroup;
			children = (
				4C0048E8219FEA16004FE154 /* Base */,
			);
			name = LaunchScreen.storyboard;
			sourceTree = "<group>";
		};
/* End PBXVariantGroup section */

/* Begin XCBuildConfiguration section */
		4C0048EB219FEA16004FE154 /* Debug */ = {
			isa = XCBuildConfiguration;
			buildSettings = {
				ALWAYS_SEARCH_USER_PATHS = NO;
				CLANG_ANALYZER_NONNULL = YES;
				CLANG_ANALYZER_NUMBER_OBJECT_CONVERSION = YES_AGGRESSIVE;
				CLANG_CXX_LANGUAGE_STANDARD = "gnu++14";
				CLANG_CXX_LIBRARY = "libc++";
				CLANG_ENABLE_MODULES = YES;
				CLANG_ENABLE_OBJC_ARC = YES;
				CLANG_ENABLE_OBJC_WEAK = YES;
				CLANG_WARN_BLOCK_CAPTURE_AUTORELEASING = YES;
				CLANG_WARN_BOOL_CONVERSION = YES;
				CLANG_WARN_COMMA = YES;
				CLANG_WARN_CONSTANT_CONVERSION = YES;
				CLANG_WARN_DEPRECATED_OBJC_IMPLEMENTATIONS = YES;
				CLANG_WARN_DIRECT_OBJC_ISA_USAGE = YES_ERROR;
				CLANG_WARN_DOCUMENTATION_COMMENTS = YES;
				CLANG_WARN_EMPTY_BODY = YES;
				CLANG_WARN_ENUM_CONVERSION = YES;
				CLANG_WARN_INFINITE_RECURSION = YES;
				CLANG_WARN_INT_CONVERSION = YES;
				CLANG_WARN_NON_LITERAL_NULL_CONVERSION = YES;
				CLANG_WARN_OBJC_IMPLICIT_RETAIN_SELF = YES;
				CLANG_WARN_OBJC_LITERAL_CONVERSION = YES;
				CLANG_WARN_OBJC_ROOT_CLASS = YES_ERROR;
				CLANG_WARN_RANGE_LOOP_ANALYSIS = YES;
				CLANG_WARN_STRICT_PROTOTYPES = YES;
				CLANG_WARN_SUSPICIOUS_MOVE = YES;
				CLANG_WARN_UNGUARDED_AVAILABILITY = YES_AGGRESSIVE;
				CLANG_WARN_UNREACHABLE_CODE = YES;
				CLANG_WARN__DUPLICATE_METHOD_MATCH = YES;
				CODE_SIGN_IDENTITY = "iPhone Developer";
				COPY_PHASE_STRIP = NO;
				DEBUG_INFORMATION_FORMAT = dwarf;
				ENABLE_STRICT_OBJC_MSGSEND = YES;
				ENABLE_TESTABILITY = YES;
				GCC_C_LANGUAGE_STANDARD = gnu11;
				GCC_DYNAMIC_NO_PIC = NO;
				GCC_NO_COMMON_BLOCKS = YES;
				GCC_OPTIMIZATION_LEVEL = 0;
				GCC_PREPROCESSOR_DEFINITIONS = (
					"DEBUG=1",
					"$(inherited)",
				);
				GCC_WARN_64_TO_32_BIT_CONVERSION = YES;
				GCC_WARN_ABOUT_RETURN_TYPE = YES_ERROR;
				GCC_WARN_UNDECLARED_SELECTOR = YES;
				GCC_WARN_UNINITIALIZED_AUTOS = YES_AGGRESSIVE;
				GCC_WARN_UNUSED_FUNCTION = YES;
				GCC_WARN_UNUSED_VARIABLE = YES;
				IPHONEOS_DEPLOYMENT_TARGET = 12.1;
				MTL_ENABLE_DEBUG_INFO = INCLUDE_SOURCE;
				MTL_FAST_MATH = YES;
				ONLY_ACTIVE_ARCH = YES;
				SDKROOT = iphoneos;
				SWIFT_ACTIVE_COMPILATION_CONDITIONS = DEBUG;
				SWIFT_OPTIMIZATION_LEVEL = "-Onone";
			};
			name = Debug;
		};
		4C0048EC219FEA16004FE154 /* Release */ = {
			isa = XCBuildConfiguration;
			buildSettings = {
				ALWAYS_SEARCH_USER_PATHS = NO;
				CLANG_ANALYZER_NONNULL = YES;
				CLANG_ANALYZER_NUMBER_OBJECT_CONVERSION = YES_AGGRESSIVE;
				CLANG_CXX_LANGUAGE_STANDARD = "gnu++14";
				CLANG_CXX_LIBRARY = "libc++";
				CLANG_ENABLE_MODULES = YES;
				CLANG_ENABLE_OBJC_ARC = YES;
				CLANG_ENABLE_OBJC_WEAK = YES;
				CLANG_WARN_BLOCK_CAPTURE_AUTORELEASING = YES;
				CLANG_WARN_BOOL_CONVERSION = YES;
				CLANG_WARN_COMMA = YES;
				CLANG_WARN_CONSTANT_CONVERSION = YES;
				CLANG_WARN_DEPRECATED_OBJC_IMPLEMENTATIONS = YES;
				CLANG_WARN_DIRECT_OBJC_ISA_USAGE = YES_ERROR;
				CLANG_WARN_DOCUMENTATION_COMMENTS = YES;
				CLANG_WARN_EMPTY_BODY = YES;
				CLANG_WARN_ENUM_CONVERSION = YES;
				CLANG_WARN_INFINITE_RECURSION = YES;
				CLANG_WARN_INT_CONVERSION = YES;
				CLANG_WARN_NON_LITERAL_NULL_CONVERSION = YES;
				CLANG_WARN_OBJC_IMPLICIT_RETAIN_SELF = YES;
				CLANG_WARN_OBJC_LITERAL_CONVERSION = YES;
				CLANG_WARN_OBJC_ROOT_CLASS = YES_ERROR;
				CLANG_WARN_RANGE_LOOP_ANALYSIS = YES;
				CLANG_WARN_STRICT_PROTOTYPES = YES;
				CLANG_WARN_SUSPICIOUS_MOVE = YES;
				CLANG_WARN_UNGUARDED_AVAILABILITY = YES_AGGRESSIVE;
				CLANG_WARN_UNREACHABLE_CODE = YES;
				CLANG_WARN__DUPLICATE_METHOD_MATCH = YES;
				CODE_SIGN_IDENTITY = "iPhone Developer";
				COPY_PHASE_STRIP = NO;
				DEBUG_INFORMATION_FORMAT = "dwarf-with-dsym";
				ENABLE_NS_ASSERTIONS = NO;
				ENABLE_STRICT_OBJC_MSGSEND = YES;
				GCC_C_LANGUAGE_STANDARD = gnu11;
				GCC_NO_COMMON_BLOCKS = YES;
				GCC_WARN_64_TO_32_BIT_CONVERSION = YES;
				GCC_WARN_ABOUT_RETURN_TYPE = YES_ERROR;
				GCC_WARN_UNDECLARED_SELECTOR = YES;
				GCC_WARN_UNINITIALIZED_AUTOS = YES_AGGRESSIVE;
				GCC_WARN_UNUSED_FUNCTION = YES;
				GCC_WARN_UNUSED_VARIABLE = YES;
				IPHONEOS_DEPLOYMENT_TARGET = 12.1;
				MTL_ENABLE_DEBUG_INFO = NO;
				MTL_FAST_MATH = YES;
				SDKROOT = iphoneos;
				SWIFT_COMPILATION_MODE = wholemodule;
				SWIFT_OPTIMIZATION_LEVEL = "-O";
				VALIDATE_PRODUCT = YES;
			};
			name = Release;
		};
		4C0048EE219FEA16004FE154 /* Debug */ = {
			isa = XCBuildConfiguration;
			buildSettings = {
				ASSETCATALOG_COMPILER_APPICON_NAME = AppIcon;
				CODE_SIGN_STYLE = Automatic;
				DEVELOPMENT_TEAM = MFNQ54N2S6;
				INFOPLIST_FILE = iCanon/Info.plist;
				IPHONEOS_DEPLOYMENT_TARGET = 10.0;
				LD_RUNPATH_SEARCH_PATHS = (
					"$(inherited)",
					"@executable_path/Frameworks",
				);
				PRODUCT_BUNDLE_IDENTIFIER = com.lema.iCanon;
				PRODUCT_NAME = "$(TARGET_NAME)";
				SWIFT_VERSION = 4.2;
				TARGETED_DEVICE_FAMILY = "1,2";
			};
			name = Debug;
		};
		4C0048EF219FEA16004FE154 /* Release */ = {
			isa = XCBuildConfiguration;
			buildSettings = {
				ASSETCATALOG_COMPILER_APPICON_NAME = AppIcon;
				CODE_SIGN_STYLE = Automatic;
				DEVELOPMENT_TEAM = MFNQ54N2S6;
				INFOPLIST_FILE = iCanon/Info.plist;
				IPHONEOS_DEPLOYMENT_TARGET = 10.0;
				LD_RUNPATH_SEARCH_PATHS = (
					"$(inherited)",
					"@executable_path/Frameworks",
				);
				PRODUCT_BUNDLE_IDENTIFIER = com.lema.iCanon;
				PRODUCT_NAME = "$(TARGET_NAME)";
				SWIFT_VERSION = 4.2;
				TARGETED_DEVICE_FAMILY = "1,2";
			};
			name = Release;
		};
/* End XCBuildConfiguration section */

/* Begin XCConfigurationList section */
		4C0048D6219FEA14004FE154 /* Build configuration list for PBXProject "iCanon" */ = {
			isa = XCConfigurationList;
			buildConfigurations = (
				4C0048EB219FEA16004FE154 /* Debug */,
				4C0048EC219FEA16004FE154 /* Release */,
			);
			defaultConfigurationIsVisible = 0;
			defaultConfigurationName = Release;
		};
		4C0048ED219FEA16004FE154 /* Build configuration list for PBXNativeTarget "iCanon" */ = {
			isa = XCConfigurationList;
			buildConfigurations = (
				4C0048EE219FEA16004FE154 /* Debug */,
				4C0048EF219FEA16004FE154 /* Release */,
			);
			defaultConfigurationIsVisible = 0;
			defaultConfigurationName = Release;
		};
/* End XCConfigurationList section */
	};
	rootObject = 4C0048D3219FEA14004FE154 /* Project object */;
}
